
Microsoft Visual Studio Solution File, Format Version 12.00
# Visual Studio Version 17
VisualStudioVersion = 17.11.35208.52
MinimumVisualStudioVersion = 10.0.40219.1
Project("{FAE04EC0-301F-11D3-BF4B-00C04F79EFBC}") = "Text-KartProject", "Text-KartProject\Text-KartProject.csproj", "{F1FDC01A-4728-4073-A1AA-224C17E00230}"
EndProject
Global
	GlobalSection(SolutionConfigurationPlatforms) = preSolution
		Debug|Any CPU = Debug|Any CPU
		Release|Any CPU = Release|Any CPU
	EndGlobalSection
	GlobalSection(ProjectConfigurationPlatforms) = postSolution
		{F1FDC01A-4728-4073-A1AA-224C17E00230}.Debug|Any CPU.ActiveCfg = Debug|Any CPU
		{F1FDC01A-4728-4073-A1AA-224C17E00230}.Debug|Any CPU.Build.0 = Debug|Any CPU
		{F1FDC01A-4728-4073-A1AA-224C17E00230}.Release|Any CPU.ActiveCfg = Release|Any CPU
		{F1FDC01A-4728-4073-A1AA-224C17E00230}.Release|Any CPU.Build.0 = Release|Any CPU
	EndGlobalSection
	GlobalSection(SolutionProperties) = preSolution
		HideSolutionNode = FALSE
	EndGlobalSection
	GlobalSection(ExtensibilityGlobals) = postSolution
		SolutionGuid = {5CA10397-4B97-4162-81B1-CE2A8D231C52}
	EndGlobalSection
EndGlobal
